
Microsoft Visual Studio Solution File, Format Version 12.00
# Visual Studio 15
VisualStudioVersion = 15.0.28307.1231
MinimumVisualStudioVersion = 10.0.40219.1
Project("{FAE04EC0-301F-11D3-BF4B-00C04F79EFBC}") = "FoodChatBot", "FoodChatBot\FoodChatBot.csproj", "{EFD49933-515F-41B1-9F1C-627EEED39963}"
EndProject
Global
	GlobalSection(SolutionConfigurationPlatforms) = preSolution
		Debug|Any CPU = Debug|Any CPU
		Release|Any CPU = Release|Any CPU
	EndGlobalSection
	GlobalSection(ProjectConfigurationPlatforms) = postSolution
		{EFD49933-515F-41B1-9F1C-627EEED39963}.Debug|Any CPU.ActiveCfg = Debug|Any CPU
		{EFD49933-515F-41B1-9F1C-627EEED39963}.Debug|Any CPU.Build.0 = Debug|Any CPU
		{EFD49933-515F-41B1-9F1C-627EEED39963}.Release|Any CPU.ActiveCfg = Debug|Any CPU
		{EFD49933-515F-41B1-9F1C-627EEED39963}.Release|Any CPU.Build.0 = Debug|Any CPU
	EndGlobalSection
	GlobalSection(SolutionProperties) = preSolution
		HideSolutionNode = FALSE
	EndGlobalSection
	GlobalSection(ExtensibilityGlobals) = postSolution
		SolutionGuid = {1BAA933F-72F7-4FA8-8EC3-FB5349D906E6}
	EndGlobalSection
EndGlobal
